
Microsoft Visual Studio Solution File, Format Version 12.00
# Visual Studio Version 16
VisualStudioVersion = 16.0.28803.202
MinimumVisualStudioVersion = 10.0.40219.1
Project("{FAE04EC0-301F-11D3-BF4B-00C04F79EFBC}") = "betuapp.Server", "betuapp.Server\betuapp.Server.csproj", "{80591496-4F35-48C8-9894-0C8D8DB2E6CE}"
EndProject
Project("{FAE04EC0-301F-11D3-BF4B-00C04F79EFBC}") = "betuapp.Client", "betuapp.Client\betuapp.Client.csproj", "{2E8158C2-1C0F-4B08-843D-0D586FDDED0D}"
EndProject
Project("{FAE04EC0-301F-11D3-BF4B-00C04F79EFBC}") = "betuapp.Shared", "betuapp.Shared\betuapp.Shared.csproj", "{B0E44D43-EF90-4C16-A37A-2CABD30A537E}"
EndProject
Global
	GlobalSection(SolutionConfigurationPlatforms) = preSolution
		Debug|Any CPU = Debug|Any CPU
		Release|Any CPU = Release|Any CPU
	EndGlobalSection
	GlobalSection(ProjectConfigurationPlatforms) = postSolution
		{80591496-4F35-48C8-9894-0C8D8DB2E6CE}.Debug|Any CPU.ActiveCfg = Debug|Any CPU
		{80591496-4F35-48C8-9894-0C8D8DB2E6CE}.Debug|Any CPU.Build.0 = Debug|Any CPU
		{80591496-4F35-48C8-9894-0C8D8DB2E6CE}.Release|Any CPU.ActiveCfg = Release|Any CPU
		{80591496-4F35-48C8-9894-0C8D8DB2E6CE}.Release|Any CPU.Build.0 = Release|Any CPU
		{2E8158C2-1C0F-4B08-843D-0D586FDDED0D}.Debug|Any CPU.ActiveCfg = Debug|Any CPU
		{2E8158C2-1C0F-4B08-843D-0D586FDDED0D}.Debug|Any CPU.Build.0 = Debug|Any CPU
		{2E8158C2-1C0F-4B08-843D-0D586FDDED0D}.Release|Any CPU.ActiveCfg = Release|Any CPU
		{2E8158C2-1C0F-4B08-843D-0D586FDDED0D}.Release|Any CPU.Build.0 = Release|Any CPU
		{B0E44D43-EF90-4C16-A37A-2CABD30A537E}.Debug|Any CPU.ActiveCfg = Debug|Any CPU
		{B0E44D43-EF90-4C16-A37A-2CABD30A537E}.Debug|Any CPU.Build.0 = Debug|Any CPU
		{B0E44D43-EF90-4C16-A37A-2CABD30A537E}.Release|Any CPU.ActiveCfg = Release|Any CPU
		{B0E44D43-EF90-4C16-A37A-2CABD30A537E}.Release|Any CPU.Build.0 = Release|Any CPU
	EndGlobalSection
	GlobalSection(SolutionProperties) = preSolution
		HideSolutionNode = FALSE
	EndGlobalSection
	GlobalSection(ExtensibilityGlobals) = postSolution
		SolutionGuid = {6CEEBB88-A703-46DA-A744-840DB63AA8C2}
	EndGlobalSection
EndGlobal
